
Microsoft Visual Studio Solution File, Format Version 12.00
# Visual Studio Version 17
VisualStudioVersion = 17.14.36623.8 d17.14
MinimumVisualStudioVersion = 10.0.40219.1
Project("{FAE04EC0-301F-11D3-BF4B-00C04F79EFBC}") = "GeometríaAnalíticaAPI", "GeometríaAnalíticaAPI.csproj", "{FC83731F-B374-4A5E-B25D-6BE0DD77BA8D}"
EndProject
Global
	GlobalSection(SolutionConfigurationPlatforms) = preSolution
		Debug|Any CPU = Debug|Any CPU
		Release|Any CPU = Release|Any CPU
	EndGlobalSection
	GlobalSection(ProjectConfigurationPlatforms) = postSolution
		{FC83731F-B374-4A5E-B25D-6BE0DD77BA8D}.Debug|Any CPU.ActiveCfg = Debug|Any CPU
		{FC83731F-B374-4A5E-B25D-6BE0DD77BA8D}.Debug|Any CPU.Build.0 = Debug|Any CPU
		{FC83731F-B374-4A5E-B25D-6BE0DD77BA8D}.Release|Any CPU.ActiveCfg = Release|Any CPU
		{FC83731F-B374-4A5E-B25D-6BE0DD77BA8D}.Release|Any CPU.Build.0 = Release|Any CPU
	EndGlobalSection
	GlobalSection(SolutionProperties) = preSolution
		HideSolutionNode = FALSE
	EndGlobalSection
	GlobalSection(ExtensibilityGlobals) = postSolution
		SolutionGuid = {8F446BD2-D8A6-4CA3-90FE-1E497817C6FD}
	EndGlobalSection
EndGlobal
